// !$*UTF8*$!
{
	archiveVersion = 1;
	classes = {
	};
	objectVersion = 46;
	objects = {

/* Begin PBXBuildFile section */
		DE3C8BEA1D5E71CA00766438 /* FactsModel.swift in Sources */ = {isa = PBXBuildFile; fileRef = DE3C8BE91D5E71CA00766438 /* FactsModel.swift */; };
		DE3C8BEC1D623C4100766438 /* ColorModel.swift in Sources */ = {isa = PBXBuildFile; fileRef = DE3C8BEB1D623C4100766438 /* ColorModel.swift */; };
		DEE83F601D5D1171008564BB /* AppDelegate.swift in Sources */ = {isa = PBXBuildFile; fileRef = DEE83F5F1D5D1171008564BB /* AppDelegate.swift */; };
		DEE83F621D5D1171008564BB /* ViewController.swift in Sources */ = {isa = PBXBuildFile; fileRef = DEE83F611D5D1171008564BB /* ViewController.swift */; };
		DEE83F651D5D1171008564BB /* Main.storyboard in Resources */ = {isa = PBXBuildFile; fileRef = DEE83F631D5D1171008564BB /* Main.storyboard */; };
		DEE83F671D5D1171008564BB /* Assets.xcassets in Resources */ = {isa = PBXBuildFile; fileRef = DEE83F661D5D1171008564BB /* Assets.xcassets */; };
		DEE83F6A1D5D1171008564BB /* LaunchScreen.storyboard in Resources */ = {isa = PBXBuildFile; fileRef = DEE83F681D5D1171008564BB /* LaunchScreen.storyboard */; };
/* End PBXBuildFile section */

/* Begin PBXFileReference section */
		DE3C8BE91D5E71CA00766438 /* FactsModel.swift */ = {isa = PBXFileReference; fileEncoding = 4; lastKnownFileType = sourcecode.swift; path = FactsModel.swift; sourceTree = "<group>"; };
		DE3C8BEB1D623C4100766438 /* ColorModel.swift */ = {isa = PBXFileReference; fileEncoding = 4; lastKnownFileType = sourcecode.swift; path = ColorModel.swift; sourceTree = "<group>"; };
		DEE83F5C1D5D1171008564BB /* FunFacts.app */ = {isa = PBXFileReference; explicitFileType = wrapper.application; includeInIndex = 0; path = FunFacts.app; sourceTree = BUILT_PRODUCTS_DIR; };
		DEE83F5F1D5D1171008564BB /* AppDelegate.swift */ = {isa = PBXFileReference; lastKnownFileType = sourcecode.swift; path = AppDelegate.swift; sourceTree = "<group>"; };
		DEE83F611D5D1171008564BB /* ViewController.swift */ = {isa = PBXFileReference; lastKnownFileType = sourcecode.swift; path = ViewController.swift; sourceTree = "<group>"; };
		DEE83F641D5D1171008564BB /* Base */ = {isa = PBXFileReference; lastKnownFileType = file.storyboard; name = Base; path = Base.lproj/Main.storyboard; sourceTree = "<group>"; };
		DEE83F661D5D1171008564BB /* Assets.xcassets */ = {isa = PBXFileReference; lastKnownFileType = folder.assetcatalog; path = Assets.xcassets; sourceTree = "<group>"; };
		DEE83F691D5D1171008564BB /* Base */ = {isa = PBXFileReference; lastKnownFileType = file.storyboard; name = Base; path = Base.lproj/LaunchScreen.storyboard; sourceTree = "<group>"; };
		DEE83F6B1D5D1171008564BB /* Info.plist */ = {isa = PBXFileReference; lastKnownFileType = text.plist.xml; path = Info.plist; sourceTree = "<group>"; };
/* End PBXFileReference section */

/* Begin PBXFrameworksBuildPhase section */
		DEE83F591D5D1170008564BB /* Frameworks */ = {
			isa = PBXFrameworksBuildPhase;
			buildActionMask = 2147483647;
			files = (
			);
			runOnlyForDeploymentPostprocessing = 0;
		};
/* End PBXFrameworksBuildPhase section */

/* Begin PBXGroup section */
		DEE83F531D5D1170008564BB = {
			isa = PBXGroup;
			children = (
				DEE83F5E1D5D1171008564BB /* FunFacts */,
				DEE83F5D1D5D1171008564BB /* Products */,
			);
			sourceTree = "<group>";
		};
		DEE83F5D1D5D1171008564BB /* Products */ = {
			isa = PBXGroup;
			children = (
				DEE83F5C1D5D1171008564BB /* FunFacts.app */,
			);
			name = Products;
			sourceTree = "<group>";
		};
		DEE83F5E1D5D1171008564BB /* FunFacts */ = {
			isa = PBXGroup;
			children = (
				DEE83F5F1D5D1171008564BB /* AppDelegate.swift */,
				DEE83F611D5D1171008564BB /* ViewController.swift */,
				DEE83F631D5D1171008564BB /* Main.storyboard */,
				DEE83F661D5D1171008564BB /* Assets.xcassets */,
				DEE83F681D5D1171008564BB /* LaunchScreen.storyboard */,
				DEE83F6B1D5D1171008564BB /* Info.plist */,
				DE3C8BE91D5E71CA00766438 /* FactsModel.swift */,
				DE3C8BEB1D623C4100766438 /* ColorModel.swift */,
			);
			path = FunFacts;
			sourceTree = "<group>";
		};
/* End PBXGroup section */

/* Begin PBXNativeTarget section */
		DEE83F5B1D5D1170008564BB /* FunFacts */ = {
			isa = PBXNativeTarget;
			buildConfigurationList = DEE83F6E1D5D1172008564BB /* Build configuration list for PBXNativeTarget "FunFacts" */;
			buildPhases = (
				DEE83F581D5D1170008564BB /* Sources */,
				DEE83F591D5D1170008564BB /* Frameworks */,
				DEE83F5A1D5D1170008564BB /* Resources */,
			);
			buildRules = (
			);
			dependencies = (
			);
			name = FunFacts;
			productName = FunFacts;
			productReference = DEE83F5C1D5D1171008564BB /* FunFacts.app */;
			productType = "com.apple.product-type.application";
		};
/* End PBXNativeTarget section */

/* Begin PBXProject section */
		DEE83F541D5D1170008564BB /* Project object */ = {
			isa = PBXProject;
			attributes = {
				LastSwiftUpdateCheck = 0730;
				LastUpgradeCheck = 0730;
				ORGANIZATIONNAME = "Julia Mann";
				TargetAttributes = {
					DEE83F5B1D5D1170008564BB = {
						CreatedOnToolsVersion = 7.3.1;
						DevelopmentTeam = 3WE3HDDSQA;
					};
				};
			};
			buildConfigurationList = DEE83F571D5D1170008564BB /* Build configuration list for PBXProject "FunFacts" */;
			compatibilityVersion = "Xcode 3.2";
			developmentRegion = English;
			hasScannedForEncodings = 0;
			knownRegions = (
				en,
				Base,
			);
			mainGroup = DEE83F531D5D1170008564BB;
			productRefGroup = DEE83F5D1D5D1171008564BB /* Products */;
			projectDirPath = "";
			projectRoot = "";
			targets = (
				DEE83F5B1D5D1170008564BB /* FunFacts */,
			);
		};
/* End PBXProject section */

/* Begin PBXResourcesBuildPhase section */
		DEE83F5A1D5D1170008564BB /* Resources */ = {
			isa = PBXResourcesBuildPhase;
			buildActionMask = 2147483647;
			files = (
				DEE83F6A1D5D1171008564BB /* LaunchScreen.storyboard in Resources */,
				DEE83F671D5D1171008564BB /* Assets.xcassets in Resources */,
				DEE83F651D5D1171008564BB /* Main.storyboard in Resources */,
			);
			runOnlyForDeploymentPostprocessing = 0;
		};
/* End PBXResourcesBuildPhase section */

/* Begin PBXSourcesBuildPhase section */
		DEE83F581D5D1170008564BB /* Sources */ = {
			isa = PBXSourcesBuildPhase;
			buildActionMask = 2147483647;
			files = (
				DEE83F621D5D1171008564BB /* ViewController.swift in Sources */,
				DEE83F601D5D1171008564BB /* AppDelegate.swift in Sources */,
				DE3C8BEA1D5E71CA00766438 /* FactsModel.swift in Sources */,
				DE3C8BEC1D623C4100766438 /* ColorModel.swift in Sources */,
			);
			runOnlyForDeploymentPostprocessing = 0;
		};
/* End PBXSourcesBuildPhase section */

/* Begin PBXVariantGroup section */
		DEE83F631D5D1171008564BB /* Main.storyboard */ = {
			isa = PBXVariantGroup;
			children = (
				DEE83F641D5D1171008564BB /* Base */,
			);
			name = Main.storyboard;
			sourceTree = "<group>";
		};
		DEE83F681D5D1171008564BB /* LaunchScreen.storyboard */ = {
			isa = PBXVariantGroup;
			children = (
				DEE83F691D5D1171008564BB /* Base */,
			);
			name = LaunchScreen.storyboard;
			sourceTree = "<group>";
		};
/* End PBXVariantGroup section */

/* Begin XCBuildConfiguration section */
		DEE83F6C1D5D1171008564BB /* Debug */ = {
			isa = XCBuildConfiguration;
			buildSettings = {
				ALWAYS_SEARCH_USER_PATHS = NO;
				CLANG_ANALYZER_NONNULL = YES;
				CLANG_CXX_LANGUAGE_STANDARD = "gnu++0x";
				CLANG_CXX_LIBRARY = "libc++";
				CLANG_ENABLE_MODULES = YES;
				CLANG_ENABLE_OBJC_ARC = YES;
				CLANG_WARN_BOOL_CONVERSION = YES;
				CLANG_WARN_CONSTANT_CONVERSION = YES;
				CLANG_WARN_DIRECT_OBJC_ISA_USAGE = YES_ERROR;
				CLANG_WARN_EMPTY_BODY = YES;
				CLANG_WARN_ENUM_CONVERSION = YES;
				CLANG_WARN_INT_CONVERSION = YES;
				CLANG_WARN_OBJC_ROOT_CLASS = YES_ERROR;
				CLANG_WARN_UNREACHABLE_CODE = YES;
				CLANG_WARN__DUPLICATE_METHOD_MATCH = YES;
				"CODE_SIGN_IDENTITY[sdk=iphoneos*]" = "iPhone Developer";
				COPY_PHASE_STRIP = NO;
				DEBUG_INFORMATION_FORMAT = dwarf;
				ENABLE_STRICT_OBJC_MSGSEND = YES;
				ENABLE_TESTABILITY = YES;
				GCC_C_LANGUAGE_STANDARD = gnu99;
				GCC_DYNAMIC_NO_PIC = NO;
				GCC_NO_COMMON_BLOCKS = YES;
				GCC_OPTIMIZATION_LEVEL = 0;
				GCC_PREPROCESSOR_DEFINITIONS = (
					"DEBUG=1",
					"$(inherited)",
				);
				GCC_WARN_64_TO_32_BIT_CONVERSION = YES;
				GCC_WARN_ABOUT_RETURN_TYPE = YES_ERROR;
				GCC_WARN_UNDECLARED_SELECTOR = YES;
				GCC_WARN_UNINITIALIZED_AUTOS = YES_AGGRESSIVE;
				GCC_WARN_UNUSED_FUNCTION = YES;
				GCC_WARN_UNUSED_VARIABLE = YES;
				IPHONEOS_DEPLOYMENT_TARGET = 9.3;
				MTL_ENABLE_DEBUG_INFO = YES;
				ONLY_ACTIVE_ARCH = YES;
				SDKROOT = iphoneos;
				SWIFT_OPTIMIZATION_LEVEL = "-Onone";
			};
			name = Debug;
		};
		DEE83F6D1D5D1171008564BB /* Release */ = {
			isa = XCBuildConfiguration;
			buildSettings = {
				ALWAYS_SEARCH_USER_PATHS = NO;
				CLANG_ANALYZER_NONNULL = YES;
				CLANG_CXX_LANGUAGE_STANDARD = "gnu++0x";
				CLANG_CXX_LIBRARY = "libc++";
				CLANG_ENABLE_MODULES = YES;
				CLANG_ENABLE_OBJC_ARC = YES;
				CLANG_WARN_BOOL_CONVERSION = YES;
				CLANG_WARN_CONSTANT_CONVERSION = YES;
				CLANG_WARN_DIRECT_OBJC_ISA_USAGE = YES_ERROR;
				CLANG_WARN_EMPTY_BODY = YES;
				CLANG_WARN_ENUM_CONVERSION = YES;
				CLANG_WARN_INT_CONVERSION = YES;
				CLANG_WARN_OBJC_ROOT_CLASS = YES_ERROR;
				CLANG_WARN_UNREACHABLE_CODE = YES;
				CLANG_WARN__DUPLICATE_METHOD_MATCH = YES;
				"CODE_SIGN_IDENTITY[sdk=iphoneos*]" = "iPhone Developer";
				COPY_PHASE_STRIP = NO;
				DEBUG_INFORMATION_FORMAT = "dwarf-with-dsym";
				ENABLE_NS_ASSERTIONS = NO;
				ENABLE_STRICT_OBJC_MSGSEND = YES;
				GCC_C_LANGUAGE_STANDARD = gnu99;
				GCC_NO_COMMON_BLOCKS = YES;
				GCC_WARN_64_TO_32_BIT_CONVERSION = YES;
				GCC_WARN_ABOUT_RETURN_TYPE = YES_ERROR;
				GCC_WARN_UNDECLARED_SELECTOR = YES;
				GCC_WARN_UNINITIALIZED_AUTOS = YES_AGGRESSIVE;
				GCC_WARN_UNUSED_FUNCTION = YES;
				GCC_WARN_UNUSED_VARIABLE = YES;
				IPHONEOS_DEPLOYMENT_TARGET = 9.3;
				MTL_ENABLE_DEBUG_INFO = NO;
				SDKROOT = iphoneos;
				VALIDATE_PRODUCT = YES;
			};
			name = Release;
		};
		DEE83F6F1D5D1172008564BB /* Debug */ = {
			isa = XCBuildConfiguration;
			buildSettings = {
				ASSETCATALOG_COMPILER_APPICON_NAME = AppIcon;
				CODE_SIGN_IDENTITY = "iPhone Developer";
				"CODE_SIGN_IDENTITY[sdk=iphoneos*]" = "iPhone Developer";
				INFOPLIST_FILE = FunFacts/Info.plist;
				LD_RUNPATH_SEARCH_PATHS = "$(inherited) @executable_path/Frameworks";
				PRODUCT_BUNDLE_IDENTIFIER = me.juliamann.FunFacts;
				PRODUCT_NAME = "$(TARGET_NAME)";
				PROVISIONING_PROFILE = "";
			};
			name = Debug;
		};
		DEE83F701D5D1172008564BB /* Release */ = {
			isa = XCBuildConfiguration;
			buildSettings = {
				ASSETCATALOG_COMPILER_APPICON_NAME = AppIcon;
				CODE_SIGN_IDENTITY = "iPhone Developer";
				"CODE_SIGN_IDENTITY[sdk=iphoneos*]" = "iPhone Developer";
				INFOPLIST_FILE = FunFacts/Info.plist;
				LD_RUNPATH_SEARCH_PATHS = "$(inherited) @executable_path/Frameworks";
				PRODUCT_BUNDLE_IDENTIFIER = me.juliamann.FunFacts;
				PRODUCT_NAME = "$(TARGET_NAME)";
				PROVISIONING_PROFILE = "";
			};
			name = Release;
		};
/* End XCBuildConfiguration section */

/* Begin XCConfigurationList section */
		DEE83F571D5D1170008564BB /* Build configuration list for PBXProject "FunFacts" */ = {
			isa = XCConfigurationList;
			buildConfigurations = (
				DEE83F6C1D5D1171008564BB /* Debug */,
				DEE83F6D1D5D1171008564BB /* Release */,
			);
			defaultConfigurationIsVisible = 0;
			defaultConfigurationName = Release;
		};
		DEE83F6E1D5D1172008564BB /* Build configuration list for PBXNativeTarget "FunFacts" */ = {
			isa = XCConfigurationList;
			buildConfigurations = (
				DEE83F6F1D5D1172008564BB /* Debug */,
				DEE83F701D5D1172008564BB /* Release */,
			);
			defaultConfigurationIsVisible = 0;
			defaultConfigurationName = Release;
		};
/* End XCConfigurationList section */
	};
	rootObject = DEE83F541D5D1170008564BB /* Project object */;
}
